# App desktop (Windows): instale após requirements.lock.
# Verificado em 01/10/2026 com Python 3.12 e WebView2 154.
bottle==0.13.4
cffi==2.1.1
clr_loader==0.3.1
jaraco.classes==3.4.0
jaraco.context==6.1.2
jaraco.functools==4.6.0
keyring==25.7.0
more-itertools==11.1.0
proxy_tools==0.1.0
pycparser==3.0
pythonnet==3.2.0
pywebview==6.2.1
pywin32-ctypes==0.2.3
